
Microsoft Visual Studio Solution File, Format Version 12.00
Project("{FAE04EC0-301F-11D3-BF4B-00C04F79EFBC}") = "Ezzygate.Domain", "Ezzygate.Domain\Ezzygate.Domain.csproj", "{3B941BF9-44D6-469F-A04A-2DA2B5E32E7F}"
EndProject
Global
	GlobalSection(SolutionConfigurationPlatforms) = preSolution
		Debug|Any CPU = Debug|Any CPU
		Release|Any CPU = Release|Any CPU
	EndGlobalSection
	GlobalSection(ProjectConfigurationPlatforms) = postSolution
		{3B941BF9-44D6-469F-A04A-2DA2B5E32E7F}.Debug|Any CPU.ActiveCfg = Debug|Any CPU
		{3B941BF9-44D6-469F-A04A-2DA2B5E32E7F}.Debug|Any CPU.Build.0 = Debug|Any CPU
		{3B941BF9-44D6-469F-A04A-2DA2B5E32E7F}.Release|Any CPU.ActiveCfg = Release|Any CPU
		{3B941BF9-44D6-469F-A04A-2DA2B5E32E7F}.Release|Any CPU.Build.0 = Release|Any CPU
	EndGlobalSection
EndGlobal
