Microsoft Visual Studio Solution File, Format Version 12.00
# Visual Studio Version 17
VisualStudioVersion = 17.0.31903.59
MinimumVisualStudioVersion = 10.0.40219.1

Project("{2150E333-8FDC-42A3-9474-1A3956D46DE8}") = "src", "src", "{FAE04EC0-301F-11D3-BF4B-00C04F79EFBC}"
EndProject

Project("{9A19103F-16F7-4668-BE54-9A1E7A4F7556}") = "Ezzygate.WebApi", "src\Ezzygate.WebApi\Ezzygate.WebApi.csproj", "{A1B2C3D4-5E6F-7A8B-9C0D-1E2F3A4B5C6D}"
EndProject

Project("{9A19103F-16F7-4668-BE54-9A1E7A4F7556}") = "Ezzygate.Domain", "src\Ezzygate.Domain\Ezzygate.Domain.csproj", "{3B941BF9-44D6-469F-A04A-2DA2B5E32E7F}"
EndProject


Project("{9A19103F-16F7-4668-BE54-9A1E7A4F7556}") = "Ezzygate.Application", "src\Ezzygate.Application\Ezzygate.Application.csproj", "{D4E5F6A7-8B9C-0D1E-2F3A-4B5C6D7E8F9A}"
EndProject

Project("{9A19103F-16F7-4668-BE54-9A1E7A4F7556}") = "Ezzygate.Shared", "src\Ezzygate.Shared\Ezzygate.Shared.csproj", "{E5F6A7B8-9C0D-1E2F-3A4B-5C6D7E8F9A0B}"
EndProject

Project("{2150E333-8FDC-42A3-9474-1A3956D46DE8}") = "tests", "tests", "{2150E333-8FDC-42A3-9474-1A3956D46DE9}"
EndProject

Project("{9A19103F-16F7-4668-BE54-9A1E7A4F7556}") = "Ezzygate.Infrastructure.Ef.IntegrationTests", "tests\Ezzygate.Infrastructure.Ef.IntegrationTests\Ezzygate.Infrastructure.Ef.IntegrationTests.csproj", "{F6A7B8C9-0D1E-2F3A-4B5C-6D7E8F9A0B1C}"
EndProject
Project("{FAE04EC0-301F-11D3-BF4B-00C04F79EFBC}") = "Ezzygate.Infrastructure", "src\Ezzygate.Infrastructure\Ezzygate.Infrastructure.csproj", "{704664C2-DF3D-4925-975B-923AA4E3A3E0}"
EndProject
Project("{FAE04EC0-301F-11D3-BF4B-00C04F79EFBC}") = "Ezzygate.Infrastructure.Ef", "src\Ezzygate.Infrastructure.Ef\Ezzygate.Infrastructure.Ef.csproj", "{4251F2FE-96BF-41FE-8AC1-2DB88E480EDD}"
EndProject
Project("{FAE04EC0-301F-11D3-BF4B-00C04F79EFBC}") = "Ezzygate.Domain.LocalizedStrings", "src\Ezzygate.Domain.LocalizedStrings\Ezzygate.Domain.LocalizedStrings.csproj", "{C7F47A32-16D6-4E69-BB9E-0E164660FDD4}"
EndProject
Project("{FAE04EC0-301F-11D3-BF4B-00C04F79EFBC}") = "Ezzygate.Integrations", "src\Ezzygate.Integrations\Ezzygate.Integrations.csproj", "{DDB0CE20-A4EA-4875-BB76-D1ADAF7F1FF0}"
EndProject

Global
	GlobalSection(SolutionConfigurationPlatforms) = preSolution
		Debug|Any CPU = Debug|Any CPU
		Release|Any CPU = Release|Any CPU
	EndGlobalSection
	GlobalSection(ProjectConfigurationPlatforms) = postSolution
		{A1B2C3D4-5E6F-7A8B-9C0D-1E2F3A4B5C6D}.Debug|Any CPU.ActiveCfg = Debug|Any CPU
		{A1B2C3D4-5E6F-7A8B-9C0D-1E2F3A4B5C6D}.Debug|Any CPU.Build.0 = Debug|Any CPU
		{A1B2C3D4-5E6F-7A8B-9C0D-1E2F3A4B5C6D}.Release|Any CPU.ActiveCfg = Release|Any CPU
		{A1B2C3D4-5E6F-7A8B-9C0D-1E2F3A4B5C6D}.Release|Any CPU.Build.0 = Release|Any CPU
		{3B941BF9-44D6-469F-A04A-2DA2B5E32E7F}.Debug|Any CPU.ActiveCfg = Debug|Any CPU
		{3B941BF9-44D6-469F-A04A-2DA2B5E32E7F}.Debug|Any CPU.Build.0 = Debug|Any CPU
		{3B941BF9-44D6-469F-A04A-2DA2B5E32E7F}.Release|Any CPU.ActiveCfg = Release|Any CPU
		{3B941BF9-44D6-469F-A04A-2DA2B5E32E7F}.Release|Any CPU.Build.0 = Release|Any CPU
		{D4E5F6A7-8B9C-0D1E-2F3A-4B5C6D7E8F9A}.Debug|Any CPU.ActiveCfg = Debug|Any CPU
		{D4E5F6A7-8B9C-0D1E-2F3A-4B5C6D7E8F9A}.Debug|Any CPU.Build.0 = Debug|Any CPU
		{D4E5F6A7-8B9C-0D1E-2F3A-4B5C6D7E8F9A}.Release|Any CPU.ActiveCfg = Release|Any CPU
		{D4E5F6A7-8B9C-0D1E-2F3A-4B5C6D7E8F9A}.Release|Any CPU.Build.0 = Release|Any CPU
		{E5F6A7B8-9C0D-1E2F-3A4B-5C6D7E8F9A0B}.Debug|Any CPU.ActiveCfg = Debug|Any CPU
		{E5F6A7B8-9C0D-1E2F-3A4B-5C6D7E8F9A0B}.Debug|Any CPU.Build.0 = Debug|Any CPU
		{E5F6A7B8-9C0D-1E2F-3A4B-5C6D7E8F9A0B}.Release|Any CPU.ActiveCfg = Release|Any CPU
		{E5F6A7B8-9C0D-1E2F-3A4B-5C6D7E8F9A0B}.Release|Any CPU.Build.0 = Release|Any CPU
		{F6A7B8C9-0D1E-2F3A-4B5C-6D7E8F9A0B1C}.Debug|Any CPU.ActiveCfg = Debug|Any CPU
		{F6A7B8C9-0D1E-2F3A-4B5C-6D7E8F9A0B1C}.Debug|Any CPU.Build.0 = Debug|Any CPU
		{F6A7B8C9-0D1E-2F3A-4B5C-6D7E8F9A0B1C}.Release|Any CPU.ActiveCfg = Release|Any CPU
		{F6A7B8C9-0D1E-2F3A-4B5C-6D7E8F9A0B1C}.Release|Any CPU.Build.0 = Release|Any CPU
		{704664C2-DF3D-4925-975B-923AA4E3A3E0}.Debug|Any CPU.ActiveCfg = Debug|Any CPU
		{704664C2-DF3D-4925-975B-923AA4E3A3E0}.Debug|Any CPU.Build.0 = Debug|Any CPU
		{704664C2-DF3D-4925-975B-923AA4E3A3E0}.Release|Any CPU.ActiveCfg = Release|Any CPU
		{704664C2-DF3D-4925-975B-923AA4E3A3E0}.Release|Any CPU.Build.0 = Release|Any CPU
		{4251F2FE-96BF-41FE-8AC1-2DB88E480EDD}.Debug|Any CPU.ActiveCfg = Debug|Any CPU
		{4251F2FE-96BF-41FE-8AC1-2DB88E480EDD}.Debug|Any CPU.Build.0 = Debug|Any CPU
		{4251F2FE-96BF-41FE-8AC1-2DB88E480EDD}.Release|Any CPU.ActiveCfg = Release|Any CPU
		{4251F2FE-96BF-41FE-8AC1-2DB88E480EDD}.Release|Any CPU.Build.0 = Release|Any CPU
		{C7F47A32-16D6-4E69-BB9E-0E164660FDD4}.Debug|Any CPU.ActiveCfg = Debug|Any CPU
		{C7F47A32-16D6-4E69-BB9E-0E164660FDD4}.Debug|Any CPU.Build.0 = Debug|Any CPU
		{C7F47A32-16D6-4E69-BB9E-0E164660FDD4}.Release|Any CPU.ActiveCfg = Release|Any CPU
		{C7F47A32-16D6-4E69-BB9E-0E164660FDD4}.Release|Any CPU.Build.0 = Release|Any CPU
		{DDB0CE20-A4EA-4875-BB76-D1ADAF7F1FF0}.Debug|Any CPU.ActiveCfg = Debug|Any CPU
		{DDB0CE20-A4EA-4875-BB76-D1ADAF7F1FF0}.Debug|Any CPU.Build.0 = Debug|Any CPU
		{DDB0CE20-A4EA-4875-BB76-D1ADAF7F1FF0}.Release|Any CPU.ActiveCfg = Release|Any CPU
		{DDB0CE20-A4EA-4875-BB76-D1ADAF7F1FF0}.Release|Any CPU.Build.0 = Release|Any CPU
	EndGlobalSection
	GlobalSection(SolutionProperties) = preSolution
		HideSolutionNode = FALSE
	EndGlobalSection
	GlobalSection(NestedProjects) = preSolution
		{A1B2C3D4-5E6F-7A8B-9C0D-1E2F3A4B5C6D} = {FAE04EC0-301F-11D3-BF4B-00C04F79EFBC}
		{3B941BF9-44D6-469F-A04A-2DA2B5E32E7F} = {FAE04EC0-301F-11D3-BF4B-00C04F79EFBC}
		{D4E5F6A7-8B9C-0D1E-2F3A-4B5C6D7E8F9A} = {FAE04EC0-301F-11D3-BF4B-00C04F79EFBC}
		{E5F6A7B8-9C0D-1E2F-3A4B-5C6D7E8F9A0B} = {FAE04EC0-301F-11D3-BF4B-00C04F79EFBC}
		{F6A7B8C9-0D1E-2F3A-4B5C-6D7E8F9A0B1C} = {2150E333-8FDC-42A3-9474-1A3956D46DE9}
		{704664C2-DF3D-4925-975B-923AA4E3A3E0} = {FAE04EC0-301F-11D3-BF4B-00C04F79EFBC}
		{4251F2FE-96BF-41FE-8AC1-2DB88E480EDD} = {FAE04EC0-301F-11D3-BF4B-00C04F79EFBC}
		{C7F47A32-16D6-4E69-BB9E-0E164660FDD4} = {FAE04EC0-301F-11D3-BF4B-00C04F79EFBC}
		{DDB0CE20-A4EA-4875-BB76-D1ADAF7F1FF0} = {FAE04EC0-301F-11D3-BF4B-00C04F79EFBC}
	EndGlobalSection
	GlobalSection(ExtensibilityGlobals) = postSolution
		SolutionGuid = {12345678-1234-5678-9ABC-123456789ABC}
	EndGlobalSection
EndGlobal
